
Microsoft Visual Studio Solution File, Format Version 12.00
# Visual Studio Version 17
VisualStudioVersion = 17.10.35013.160
MinimumVisualStudioVersion = 10.0.40219.1
Project("{FAE04EC0-301F-11D3-BF4B-00C04F79EFBC}") = "ContainerApp", "ContainerApp\ContainerApp.csproj", "{97AA72D2-763B-4B34-9892-14F2D17DD7EE}"
EndProject
Global
	GlobalSection(SolutionConfigurationPlatforms) = preSolution
		Debug|Any CPU = Debug|Any CPU
		Release|Any CPU = Release|Any CPU
	EndGlobalSection
	GlobalSection(ProjectConfigurationPlatforms) = postSolution
		{97AA72D2-763B-4B34-9892-14F2D17DD7EE}.Debug|Any CPU.ActiveCfg = Debug|Any CPU
		{97AA72D2-763B-4B34-9892-14F2D17DD7EE}.Debug|Any CPU.Build.0 = Debug|Any CPU
		{97AA72D2-763B-4B34-9892-14F2D17DD7EE}.Release|Any CPU.ActiveCfg = Release|Any CPU
		{97AA72D2-763B-4B34-9892-14F2D17DD7EE}.Release|Any CPU.Build.0 = Release|Any CPU
	EndGlobalSection
	GlobalSection(SolutionProperties) = preSolution
		HideSolutionNode = FALSE
	EndGlobalSection
	GlobalSection(ExtensibilityGlobals) = postSolution
		SolutionGuid = {9F291851-76A9-48B5-9E5A-88BE80124BF9}
	EndGlobalSection
EndGlobal
